Microsoft Visual Studio Solution File, Format Version 12.00
# Visual Studio Version 17
VisualStudioVersion = 17.8.34525.116
MinimumVisualStudioVersion = 16.0.0.0
Project("{9A19103F-16F7-4668-BE54-9A1E7A4F7556}") = "WasmBlazor", "WasmBlazor\WasmBlazor.csproj", "{739B6272-63C9-4FDF-912B-E3E3ABD66608}"
EndProject
Project("{9A19103F-16F7-4668-BE54-9A1E7A4F7556}") = "WasmBlazor.Client", "WasmBlazor.Client\WasmBlazor.Client.csproj", "{0673F826-2EA4-4276-AD91-219200860BCE}"
EndProject
Global
	GlobalSection(SolutionConfigurationPlatforms) = preSolution
		Debug|Any CPU = Debug|Any CPU
		Debug|x64 = Debug|x64
		Debug|x86 = Debug|x86
		Release|Any CPU = Release|Any CPU
		Release|x64 = Release|x64
		Release|x86 = Release|x86
	EndGlobalSection
	GlobalSection(ProjectConfigurationPlatforms) = postSolution
		{739B6272-63C9-4FDF-912B-E3E3ABD66608}.Debug|Any CPU.ActiveCfg = Debug|Any CPU
		{739B6272-63C9-4FDF-912B-E3E3ABD66608}.Debug|Any CPU.Build.0 = Debug|Any CPU
		{739B6272-63C9-4FDF-912B-E3E3ABD66608}.Debug|x64.ActiveCfg = Debug|Any CPU
		{739B6272-63C9-4FDF-912B-E3E3ABD66608}.Debug|x64.Build.0 = Debug|Any CPU
		{739B6272-63C9-4FDF-912B-E3E3ABD66608}.Debug|x86.ActiveCfg = Debug|Any CPU
		{739B6272-63C9-4FDF-912B-E3E3ABD66608}.Debug|x86.Build.0 = Debug|Any CPU
		{739B6272-63C9-4FDF-912B-E3E3ABD66608}.Release|Any CPU.ActiveCfg = Release|Any CPU
		{739B6272-63C9-4FDF-912B-E3E3ABD66608}.Release|Any CPU.Build.0 = Release|Any CPU
		{739B6272-63C9-4FDF-912B-E3E3ABD66608}.Release|x64.ActiveCfg = Release|Any CPU
		{739B6272-63C9-4FDF-912B-E3E3ABD66608}.Release|x64.Build.0 = Release|Any CPU
		{739B6272-63C9-4FDF-912B-E3E3ABD66608}.Release|x86.ActiveCfg = Release|Any CPU
		{739B6272-63C9-4FDF-912B-E3E3ABD66608}.Release|x86.Build.0 = Release|Any CPU
		{0673F826-2EA4-4276-AD91-219200860BCE}.Debug|Any CPU.ActiveCfg = Debug|Any CPU
		{0673F826-2EA4-4276-AD91-219200860BCE}.Debug|Any CPU.Build.0 = Debug|Any CPU
		{0673F826-2EA4-4276-AD91-219200860BCE}.Debug|x64.ActiveCfg = Debug|Any CPU
		{0673F826-2EA4-4276-AD91-219200860BCE}.Debug|x64.Build.0 = Debug|Any CPU
		{0673F826-2EA4-4276-AD91-219200860BCE}.Debug|x86.ActiveCfg = Debug|Any CPU
		{0673F826-2EA4-4276-AD91-219200860BCE}.Debug|x86.Build.0 = Debug|Any CPU
		{0673F826-2EA4-4276-AD91-219200860BCE}.Release|Any CPU.ActiveCfg = Release|Any CPU
		{0673F826-2EA4-4276-AD91-219200860BCE}.Release|Any CPU.Build.0 = Release|Any CPU
		{0673F826-2EA4-4276-AD91-219200860BCE}.Release|x64.ActiveCfg = Release|Any CPU
		{0673F826-2EA4-4276-AD91-219200860BCE}.Release|x64.Build.0 = Release|Any CPU
		{0673F826-2EA4-4276-AD91-219200860BCE}.Release|x86.ActiveCfg = Release|Any CPU
		{0673F826-2EA4-4276-AD91-219200860BCE}.Release|x86.Build.0 = Release|Any CPU
	EndGlobalSection
	GlobalSection(SolutionProperties) = preSolution
		HideSolutionNode = FALSE
	EndGlobalSection
	GlobalSection(ExtensibilityGlobals) = postSolution
		SolutionGuid = {AC58FAF8-5B5F-405D-8430-3FAB0C32D80F}
	EndGlobalSection
EndGlobal
